
Microsoft Visual Studio Solution File, Format Version 12.00
# Visual Studio Version 16
VisualStudioVersion = 16.0.29905.134
MinimumVisualStudioVersion = 10.0.40219.1
Project("{9A19103F-16F7-4668-BE54-9A1E7A4F7556}") = "DeliverPlan", "DeliverPlan.csproj", "{2199DA21-0999-4FCD-9E84-284D48F53981}"
EndProject
Project("{9A19103F-16F7-4668-BE54-9A1E7A4F7556}") = "TankLevelWebJob", "..\ConsoleApp1\TankLevelWebJob.csproj", "{19D73F4A-B449-433F-B0A7-42FA4D0F7578}"
EndProject
Global
	GlobalSection(SolutionConfigurationPlatforms) = preSolution
		Debug|Any CPU = Debug|Any CPU
		Release|Any CPU = Release|Any CPU
	EndGlobalSection
	GlobalSection(ProjectConfigurationPlatforms) = postSolution
		{2199DA21-0999-4FCD-9E84-284D48F53981}.Debug|Any CPU.ActiveCfg = Debug|Any CPU
		{2199DA21-0999-4FCD-9E84-284D48F53981}.Debug|Any CPU.Build.0 = Debug|Any CPU
		{2199DA21-0999-4FCD-9E84-284D48F53981}.Release|Any CPU.ActiveCfg = Release|Any CPU
		{2199DA21-0999-4FCD-9E84-284D48F53981}.Release|Any CPU.Build.0 = Release|Any CPU
		{19D73F4A-B449-433F-B0A7-42FA4D0F7578}.Debug|Any CPU.ActiveCfg = Debug|Any CPU
		{19D73F4A-B449-433F-B0A7-42FA4D0F7578}.Debug|Any CPU.Build.0 = Debug|Any CPU
		{19D73F4A-B449-433F-B0A7-42FA4D0F7578}.Release|Any CPU.ActiveCfg = Release|Any CPU
		{19D73F4A-B449-433F-B0A7-42FA4D0F7578}.Release|Any CPU.Build.0 = Release|Any CPU
	EndGlobalSection
	GlobalSection(SolutionProperties) = preSolution
		HideSolutionNode = FALSE
	EndGlobalSection
	GlobalSection(ExtensibilityGlobals) = postSolution
		SolutionGuid = {6CCB1972-59B0-45A1-9EAB-369434B7FB55}
	EndGlobalSection
EndGlobal
